
Microsoft Visual Studio Solution File, Format Version 11.00
# Visual Studio 2010
Project("{FAE04EC0-301F-11D3-BF4B-00C04F79EFBC}") = "SchoStack.Web", "SchoStack.Web\SchoStack.Web.csproj", "{AE81F184-1C67-4490-8BDD-4D4627704A49}"
EndProject
Project("{FAE04EC0-301F-11D3-BF4B-00C04F79EFBC}") = "SchoStack.Tests", "SchoStack.Tests\SchoStack.Tests.csproj", "{F70C1988-132D-40F9-893E-92DA1216C040}"
EndProject
Project("{FAE04EC0-301F-11D3-BF4B-00C04F79EFBC}") = "SchoStack.Example", "SchoStack.Example\SchoStack.Example.csproj", "{FC0989F1-0F50-44A6-9999-8C7A9ED875D9}"
EndProject
Global
	GlobalSection(SolutionConfigurationPlatforms) = preSolution
		Debug|Any CPU = Debug|Any CPU
		Release|Any CPU = Release|Any CPU
	EndGlobalSection
	GlobalSection(ProjectConfigurationPlatforms) = postSolution
		{AE81F184-1C67-4490-8BDD-4D4627704A49}.Debug|Any CPU.ActiveCfg = Debug|Any CPU
		{AE81F184-1C67-4490-8BDD-4D4627704A49}.Debug|Any CPU.Build.0 = Debug|Any CPU
		{AE81F184-1C67-4490-8BDD-4D4627704A49}.Release|Any CPU.ActiveCfg = Release|Any CPU
		{AE81F184-1C67-4490-8BDD-4D4627704A49}.Release|Any CPU.Build.0 = Release|Any CPU
		{F70C1988-132D-40F9-893E-92DA1216C040}.Debug|Any CPU.ActiveCfg = Debug|Any CPU
		{F70C1988-132D-40F9-893E-92DA1216C040}.Debug|Any CPU.Build.0 = Debug|Any CPU
		{F70C1988-132D-40F9-893E-92DA1216C040}.Release|Any CPU.ActiveCfg = Release|Any CPU
		{F70C1988-132D-40F9-893E-92DA1216C040}.Release|Any CPU.Build.0 = Release|Any CPU
		{FC0989F1-0F50-44A6-9999-8C7A9ED875D9}.Debug|Any CPU.ActiveCfg = Debug|Any CPU
		{FC0989F1-0F50-44A6-9999-8C7A9ED875D9}.Debug|Any CPU.Build.0 = Debug|Any CPU
		{FC0989F1-0F50-44A6-9999-8C7A9ED875D9}.Release|Any CPU.ActiveCfg = Release|Any CPU
		{FC0989F1-0F50-44A6-9999-8C7A9ED875D9}.Release|Any CPU.Build.0 = Release|Any CPU
	EndGlobalSection
	GlobalSection(SolutionProperties) = preSolution
		HideSolutionNode = FALSE
	EndGlobalSection
EndGlobal
